
Microsoft Visual Studio Solution File, Format Version 12.00
# Visual Studio Version 17
VisualStudioVersion = 17.9.34622.214
MinimumVisualStudioVersion = 10.0.40219.1
Project("{9A19103F-16F7-4668-BE54-9A1E7A4F7556}") = "Routing12", "Routing12\Routing12.csproj", "{121E9CF9-AD07-401A-9D25-4318E47A911E}"
EndProject
Global
	GlobalSection(SolutionConfigurationPlatforms) = preSolution
		Debug|Any CPU = Debug|Any CPU
		Release|Any CPU = Release|Any CPU
	EndGlobalSection
	GlobalSection(ProjectConfigurationPlatforms) = postSolution
		{121E9CF9-AD07-401A-9D25-4318E47A911E}.Debug|Any CPU.ActiveCfg = Debug|Any CPU
		{121E9CF9-AD07-401A-9D25-4318E47A911E}.Debug|Any CPU.Build.0 = Debug|Any CPU
		{121E9CF9-AD07-401A-9D25-4318E47A911E}.Release|Any CPU.ActiveCfg = Release|Any CPU
		{121E9CF9-AD07-401A-9D25-4318E47A911E}.Release|Any CPU.Build.0 = Release|Any CPU
	EndGlobalSection
	GlobalSection(SolutionProperties) = preSolution
		HideSolutionNode = FALSE
	EndGlobalSection
	GlobalSection(ExtensibilityGlobals) = postSolution
		SolutionGuid = {3746FD9F-3692-46C0-A2D1-93147A3FD80B}
	EndGlobalSection
EndGlobal
